
Microsoft Visual Studio Solution File, Format Version 12.00
# Visual Studio Version 16
VisualStudioVersion = 16.0.31402.337
MinimumVisualStudioVersion = 10.0.40219.1
Project("{9A19103F-16F7-4668-BE54-9A1E7A4F7556}") = "LINQ.WebAPI", "LINQ.WebAPI\LINQ.WebAPI.csproj", "{69EF1038-32AC-4BB8-AC4C-521237CD1FAC}"
EndProject
Project("{9A19103F-16F7-4668-BE54-9A1E7A4F7556}") = "LINQ.DataAccess", "LINQ.DataAccess\LINQ.DataAccess.csproj", "{1686D63C-7E76-42D8-A625-C481345214B6}"
EndProject
Project("{9A19103F-16F7-4668-BE54-9A1E7A4F7556}") = "LINQ.Common", "LINQ.Common\LINQ.Common.csproj", "{AF601CE7-2294-40D0-A56D-BE052666E32C}"
EndProject
Project("{9A19103F-16F7-4668-BE54-9A1E7A4F7556}") = "LINQ.BL", "LINQ.BL\LINQ.BL.csproj", "{9792A66C-6D1C-47CD-9690-677AF2B8F827}"
EndProject
Project("{9A19103F-16F7-4668-BE54-9A1E7A4F7556}") = "BSA_Task1", "BSA_Task1\BSA_Task1.csproj", "{CDA3A39E-3CAB-4AD9-8B4D-C5990E614C83}"
EndProject
Project("{9A19103F-16F7-4668-BE54-9A1E7A4F7556}") = "LINQ.BL.Tests", "LINQ.BL.Tests\LINQ.BL.Tests.csproj", "{C2167BF3-BF44-44B6-AD09-8C3217761F70}"
EndProject
Project("{FAE04EC0-301F-11D3-BF4B-00C04F79EFBC}") = "LINQ.WebAPI.IntegrationTest", "LINQ.WebAPI.IntegrationTest\LINQ.WebAPI.IntegrationTest.csproj", "{1F0BBE3E-8B6C-4038-9BC3-A87E2FF214F9}"
EndProject
Global
	GlobalSection(SolutionConfigurationPlatforms) = preSolution
		Debug|Any CPU = Debug|Any CPU
		Release|Any CPU = Release|Any CPU
	EndGlobalSection
	GlobalSection(ProjectConfigurationPlatforms) = postSolution
		{69EF1038-32AC-4BB8-AC4C-521237CD1FAC}.Debug|Any CPU.ActiveCfg = Debug|Any CPU
		{69EF1038-32AC-4BB8-AC4C-521237CD1FAC}.Debug|Any CPU.Build.0 = Debug|Any CPU
		{69EF1038-32AC-4BB8-AC4C-521237CD1FAC}.Release|Any CPU.ActiveCfg = Release|Any CPU
		{69EF1038-32AC-4BB8-AC4C-521237CD1FAC}.Release|Any CPU.Build.0 = Release|Any CPU
		{1686D63C-7E76-42D8-A625-C481345214B6}.Debug|Any CPU.ActiveCfg = Debug|Any CPU
		{1686D63C-7E76-42D8-A625-C481345214B6}.Debug|Any CPU.Build.0 = Debug|Any CPU
		{1686D63C-7E76-42D8-A625-C481345214B6}.Release|Any CPU.ActiveCfg = Release|Any CPU
		{1686D63C-7E76-42D8-A625-C481345214B6}.Release|Any CPU.Build.0 = Release|Any CPU
		{AF601CE7-2294-40D0-A56D-BE052666E32C}.Debug|Any CPU.ActiveCfg = Debug|Any CPU
		{AF601CE7-2294-40D0-A56D-BE052666E32C}.Debug|Any CPU.Build.0 = Debug|Any CPU
		{AF601CE7-2294-40D0-A56D-BE052666E32C}.Release|Any CPU.ActiveCfg = Release|Any CPU
		{AF601CE7-2294-40D0-A56D-BE052666E32C}.Release|Any CPU.Build.0 = Release|Any CPU
		{9792A66C-6D1C-47CD-9690-677AF2B8F827}.Debug|Any CPU.ActiveCfg = Debug|Any CPU
		{9792A66C-6D1C-47CD-9690-677AF2B8F827}.Debug|Any CPU.Build.0 = Debug|Any CPU
		{9792A66C-6D1C-47CD-9690-677AF2B8F827}.Release|Any CPU.ActiveCfg = Release|Any CPU
		{9792A66C-6D1C-47CD-9690-677AF2B8F827}.Release|Any CPU.Build.0 = Release|Any CPU
		{CDA3A39E-3CAB-4AD9-8B4D-C5990E614C83}.Debug|Any CPU.ActiveCfg = Debug|Any CPU
		{CDA3A39E-3CAB-4AD9-8B4D-C5990E614C83}.Debug|Any CPU.Build.0 = Debug|Any CPU
		{CDA3A39E-3CAB-4AD9-8B4D-C5990E614C83}.Release|Any CPU.ActiveCfg = Release|Any CPU
		{CDA3A39E-3CAB-4AD9-8B4D-C5990E614C83}.Release|Any CPU.Build.0 = Release|Any CPU
		{C2167BF3-BF44-44B6-AD09-8C3217761F70}.Debug|Any CPU.ActiveCfg = Debug|Any CPU
		{C2167BF3-BF44-44B6-AD09-8C3217761F70}.Debug|Any CPU.Build.0 = Debug|Any CPU
		{C2167BF3-BF44-44B6-AD09-8C3217761F70}.Release|Any CPU.ActiveCfg = Release|Any CPU
		{C2167BF3-BF44-44B6-AD09-8C3217761F70}.Release|Any CPU.Build.0 = Release|Any CPU
		{1F0BBE3E-8B6C-4038-9BC3-A87E2FF214F9}.Debug|Any CPU.ActiveCfg = Debug|Any CPU
		{1F0BBE3E-8B6C-4038-9BC3-A87E2FF214F9}.Debug|Any CPU.Build.0 = Debug|Any CPU
		{1F0BBE3E-8B6C-4038-9BC3-A87E2FF214F9}.Release|Any CPU.ActiveCfg = Release|Any CPU
		{1F0BBE3E-8B6C-4038-9BC3-A87E2FF214F9}.Release|Any CPU.Build.0 = Release|Any CPU
	EndGlobalSection
	GlobalSection(SolutionProperties) = preSolution
		HideSolutionNode = FALSE
	EndGlobalSection
	GlobalSection(ExtensibilityGlobals) = postSolution
		SolutionGuid = {3629DAD5-B94C-4DA7-B4F5-3C82982C43F3}
	EndGlobalSection
EndGlobal
